{
  "name": "repo_posts-e2e",
  "lockfileVersion": 3,
  "requires": true,
  "packages": {
    "": {
      "name": "repo_posts-e2e",
      "devDependencies": {
        "@playwright/test": "^1.48.2"
      }
    },
    "node_modules/@playwright/test": {
      "version": "1.56.1",
      "resolved": "https://registry.npmjs.org/@playwright/test/-/test-1.56.1.tgz",
      "integrity": "sha512-vSMYtL/zOcFpvJCW71Q/OEGQb7KYBPAdKh35WNSkaZA75JlAO8ED8UN6GUNTm3drWomcbcqRPFqQbLae8yBTdg==",
      "dev": true,
      "license": "Apache-2.0",
      "dependencies": {
        "playwright": "1.56.1"
      }
    },
    "node_modules/playwright": {
      "version": "1.56.1",
      "resolved": "https://registry.npmjs.org/playwright/-/playwright-1.56.1.tgz",
      "integrity": "sha512-6FMh0hXqkDFg9p63qvyVDrSEglNznVZzZrWXDfG6t3Q7m9o8YJz3YQ2Y6sVQYHg+7o7g7QqYwVQmN0qkArHqzQ==",
      "dev": true,
      "license": "Apache-2.0",
      "bin": {
        "playwright": "cli.js"
      }
    }
  }
}

